
Microsoft Visual Studio Solution File, Format Version 12.00
# Visual Studio Version 17
VisualStudioVersion = 17.7.34031.279
MinimumVisualStudioVersion = 10.0.40219.1
Project("{FAE04EC0-301F-11D3-BF4B-00C04F79EFBC}") = "CodePulse.API", "CodePulse.API.csproj", "{C03631A4-083E-4B98-BDB3-2EE8CB7FF768}"
EndProject
Global
	GlobalSection(SolutionConfigurationPlatforms) = preSolution
		Debug|Any CPU = Debug|Any CPU
		Release|Any CPU = Release|Any CPU
	EndGlobalSection
	GlobalSection(ProjectConfigurationPlatforms) = postSolution
		{C03631A4-083E-4B98-BDB3-2EE8CB7FF768}.Debug|Any CPU.ActiveCfg = Debug|Any CPU
		{C03631A4-083E-4B98-BDB3-2EE8CB7FF768}.Debug|Any CPU.Build.0 = Debug|Any CPU
		{C03631A4-083E-4B98-BDB3-2EE8CB7FF768}.Release|Any CPU.ActiveCfg = Release|Any CPU
		{C03631A4-083E-4B98-BDB3-2EE8CB7FF768}.Release|Any CPU.Build.0 = Release|Any CPU
	EndGlobalSection
	GlobalSection(SolutionProperties) = preSolution
		HideSolutionNode = FALSE
	EndGlobalSection
	GlobalSection(ExtensibilityGlobals) = postSolution
		SolutionGuid = {B5988C60-D615-42C9-9E05-D6ABDDF216B7}
	EndGlobalSection
EndGlobal
